
Microsoft Visual Studio Solution File, Format Version 12.00
# Visual Studio Version 16
VisualStudioVersion = 16.0.30114.105
MinimumVisualStudioVersion = 10.0.40219.1
Project("{FAE04EC0-301F-11D3-BF4B-00C04F79EFBC}") = "Add Two Numbers", "Add Two Numbers\Add Two Numbers.csproj", "{A19C0FD9-3430-4884-B27B-4375B6ACBA61}"
EndProject
Global
	GlobalSection(SolutionConfigurationPlatforms) = preSolution
		Debug|Any CPU = Debug|Any CPU
		Release|Any CPU = Release|Any CPU
	EndGlobalSection
	GlobalSection(ProjectConfigurationPlatforms) = postSolution
		{A19C0FD9-3430-4884-B27B-4375B6ACBA61}.Debug|Any CPU.ActiveCfg = Debug|Any CPU
		{A19C0FD9-3430-4884-B27B-4375B6ACBA61}.Debug|Any CPU.Build.0 = Debug|Any CPU
		{A19C0FD9-3430-4884-B27B-4375B6ACBA61}.Release|Any CPU.ActiveCfg = Release|Any CPU
		{A19C0FD9-3430-4884-B27B-4375B6ACBA61}.Release|Any CPU.Build.0 = Release|Any CPU
	EndGlobalSection
	GlobalSection(SolutionProperties) = preSolution
		HideSolutionNode = FALSE
	EndGlobalSection
	GlobalSection(ExtensibilityGlobals) = postSolution
		SolutionGuid = {9B38D9AA-53E6-40A3-A982-EAE8F24CEFFA}
	EndGlobalSection
EndGlobal
